// !$*UTF8*$!
{
	archiveVersion = 1;
	classes = {
	};
	objectVersion = 50;
	objects = {

/* Begin PBXFileReference section */
		A98C7E61213B0209005512D9 /* LICENSE */ = {isa = PBXFileReference; lastKnownFileType = text; path = LICENSE; sourceTree = "<group>"; };
		A98C7E62213B0209005512D9 /* CopyrightWaivers.txt */ = {isa = PBXFileReference; lastKnownFileType = text; path = CopyrightWaivers.txt; sourceTree = "<group>"; };
		A98C7E63213B0209005512D9 /* COPYING */ = {isa = PBXFileReference; lastKnownFileType = text; path = COPYING; sourceTree = "<group>"; };
		A98C7E64213B0209005512D9 /* CONTRIBUTING.md */ = {isa = PBXFileReference; lastKnownFileType = net.daringfireball.markdown; path = CONTRIBUTING.md; sourceTree = "<group>"; };
		A98C7E65213B0209005512D9 /* README.md */ = {isa = PBXFileReference; lastKnownFileType = net.daringfireball.markdown; path = README.md; sourceTree = "<group>"; };
		A98C7E66213B0209005512D9 /* RELEASE-NOTES.md */ = {isa = PBXFileReference; lastKnownFileType = net.daringfireball.markdown; path = "RELEASE-NOTES.md"; sourceTree = "<group>"; };
		A98C7E69213B0241005512D9 /* reactive_streams_swift.swift */ = {isa = PBXFileReference; lastKnownFileType = sourcecode.swift; path = reactive_streams_swift.swift; sourceTree = "<group>"; };
		A98C7E6C213B0242005512D9 /* reactive_streams_swiftTests.swift */ = {isa = PBXFileReference; lastKnownFileType = sourcecode.swift; path = reactive_streams_swiftTests.swift; sourceTree = "<group>"; };
		A98C7E6D213B0242005512D9 /* XCTestManifests.swift */ = {isa = PBXFileReference; lastKnownFileType = sourcecode.swift; path = XCTestManifests.swift; sourceTree = "<group>"; };
		A98C7E6E213B0242005512D9 /* LinuxMain.swift */ = {isa = PBXFileReference; lastKnownFileType = sourcecode.swift; path = LinuxMain.swift; sourceTree = "<group>"; };
		A98C7E6F213B0242005512D9 /* Package.swift */ = {isa = PBXFileReference; lastKnownFileType = sourcecode.swift; path = Package.swift; sourceTree = "<group>"; };
/* End PBXFileReference section */

/* Begin PBXGroup section */
		A98C7E5A213B01EB005512D9 = {
			isa = PBXGroup;
			children = (
				A98C7E6F213B0242005512D9 /* Package.swift */,
				A98C7E67213B0241005512D9 /* Sources */,
				A98C7E6A213B0242005512D9 /* Tests */,
				A98C7E64213B0209005512D9 /* CONTRIBUTING.md */,
				A98C7E63213B0209005512D9 /* COPYING */,
				A98C7E62213B0209005512D9 /* CopyrightWaivers.txt */,
				A98C7E61213B0209005512D9 /* LICENSE */,
				A98C7E65213B0209005512D9 /* README.md */,
				A98C7E66213B0209005512D9 /* RELEASE-NOTES.md */,
			);
			sourceTree = "<group>";
		};
		A98C7E67213B0241005512D9 /* Sources */ = {
			isa = PBXGroup;
			children = (
				A98C7E68213B0241005512D9 /* reactive-streams-swift */,
			);
			path = Sources;
			sourceTree = "<group>";
		};
		A98C7E68213B0241005512D9 /* reactive-streams-swift */ = {
			isa = PBXGroup;
			children = (
				A98C7E69213B0241005512D9 /* reactive_streams_swift.swift */,
			);
			path = "reactive-streams-swift";
			sourceTree = "<group>";
		};
		A98C7E6A213B0242005512D9 /* Tests */ = {
			isa = PBXGroup;
			children = (
				A98C7E6B213B0242005512D9 /* reactive-streams-swiftTests */,
				A98C7E6E213B0242005512D9 /* LinuxMain.swift */,
			);
			path = Tests;
			sourceTree = "<group>";
		};
		A98C7E6B213B0242005512D9 /* reactive-streams-swiftTests */ = {
			isa = PBXGroup;
			children = (
				A98C7E6C213B0242005512D9 /* reactive_streams_swiftTests.swift */,
				A98C7E6D213B0242005512D9 /* XCTestManifests.swift */,
			);
			path = "reactive-streams-swiftTests";
			sourceTree = "<group>";
		};
/* End PBXGroup section */

/* Begin PBXProject section */
		A98C7E5B213B01EB005512D9 /* Project object */ = {
			isa = PBXProject;
			attributes = {
				LastUpgradeCheck = 0940;
			};
			buildConfigurationList = A98C7E5E213B01EB005512D9 /* Build configuration list for PBXProject "reactive-streams-swift" */;
			compatibilityVersion = "Xcode 9.3";
			developmentRegion = en;
			hasScannedForEncodings = 0;
			knownRegions = (
				en,
			);
			mainGroup = A98C7E5A213B01EB005512D9;
			projectDirPath = "";
			projectRoot = "";
			targets = (
			);
		};
/* End PBXProject section */

/* Begin XCBuildConfiguration section */
		A98C7E5F213B01EB005512D9 /* Debug */ = {
			isa = XCBuildConfiguration;
			buildSettings = {
			};
			name = Debug;
		};
		A98C7E60213B01EB005512D9 /* Release */ = {
			isa = XCBuildConfiguration;
			buildSettings = {
			};
			name = Release;
		};
/* End XCBuildConfiguration section */

/* Begin XCConfigurationList section */
		A98C7E5E213B01EB005512D9 /* Build configuration list for PBXProject "reactive-streams-swift" */ = {
			isa = XCConfigurationList;
			buildConfigurations = (
				A98C7E5F213B01EB005512D9 /* Debug */,
				A98C7E60213B01EB005512D9 /* Release */,
			);
			defaultConfigurationIsVisible = 0;
			defaultConfigurationName = Release;
		};
/* End XCConfigurationList section */
	};
	rootObject = A98C7E5B213B01EB005512D9 /* Project object */;
}
